// !$*UTF8*$!
{
	archiveVersion = 1;
	classes = {
	};
	objectVersion = 56;
	objects = {

/* Begin PBXBuildFile section */
		78BAACF62CB955D50017319E /* App928App.swift in Sources */ = {isa = PBXBuildFile; fileRef = 78BAACF52CB955D50017319E /* App928App.swift */; };
		78BAACF82CB955D50017319E /* ContentView.swift in Sources */ = {isa = PBXBuildFile; fileRef = 78BAACF72CB955D50017319E /* ContentView.swift */; };
		78BAACFA2CB955D60017319E /* Assets.xcassets in Resources */ = {isa = PBXBuildFile; fileRef = 78BAACF92CB955D60017319E /* Assets.xcassets */; };
		78BAACFE2CB955D60017319E /* Preview Assets.xcassets in Resources */ = {isa = PBXBuildFile; fileRef = 78BAACFD2CB955D60017319E /* Preview Assets.xcassets */; };
		78BAAD092CB956DD0017319E /* R1.swift in Sources */ = {isa = PBXBuildFile; fileRef = 78BAAD082CB956DD0017319E /* R1.swift */; };
		78BAAD0B2CB956E40017319E /* R2.swift in Sources */ = {isa = PBXBuildFile; fileRef = 78BAAD0A2CB956E40017319E /* R2.swift */; };
		78BAAD0D2CB956E90017319E /* R3.swift in Sources */ = {isa = PBXBuildFile; fileRef = 78BAAD0C2CB956E90017319E /* R3.swift */; };
		78BAAD0F2CB956ED0017319E /* U1.swift in Sources */ = {isa = PBXBuildFile; fileRef = 78BAAD0E2CB956ED0017319E /* U1.swift */; };
		78BAAD112CB956F30017319E /* Reviews.swift in Sources */ = {isa = PBXBuildFile; fileRef = 78BAAD102CB956F30017319E /* Reviews.swift */; };
		78BAAD132CB956F80017319E /* Not.swift in Sources */ = {isa = PBXBuildFile; fileRef = 78BAAD122CB956F80017319E /* Not.swift */; };
		78BAAD172CB961F60017319E /* LoadingView.swift in Sources */ = {isa = PBXBuildFile; fileRef = 78BAAD162CB961F60017319E /* LoadingView.swift */; };
		78BAAD192CB96E700017319E /* Launch Screen.storyboard in Resources */ = {isa = PBXBuildFile; fileRef = 78BAAD182CB96E700017319E /* Launch Screen.storyboard */; };
		78BAAD212CB970210017319E /* HomeView.swift in Sources */ = {isa = PBXBuildFile; fileRef = 78BAAD202CB970210017319E /* HomeView.swift */; };
		78BAAD232CB9702E0017319E /* ServicesView.swift in Sources */ = {isa = PBXBuildFile; fileRef = 78BAAD222CB9702E0017319E /* ServicesView.swift */; };
		78BAAD252CB970390017319E /* AppointmentsView.swift in Sources */ = {isa = PBXBuildFile; fileRef = 78BAAD242CB970390017319E /* AppointmentsView.swift */; };
		78BAAD272CB970430017319E /* CoreDataStack.swift in Sources */ = {isa = PBXBuildFile; fileRef = 78BAAD262CB970430017319E /* CoreDataStack.swift */; };
		78BAAD292CB970490017319E /* Array.swift in Sources */ = {isa = PBXBuildFile; fileRef = 78BAAD282CB970490017319E /* Array.swift */; };
		78BAAD2B2CB970550017319E /* DateConvert.swift in Sources */ = {isa = PBXBuildFile; fileRef = 78BAAD2A2CB970550017319E /* DateConvert.swift */; };
		78BAAD2D2CB97A1B0017319E /* HomeViewModel.swift in Sources */ = {isa = PBXBuildFile; fileRef = 78BAAD2C2CB97A1B0017319E /* HomeViewModel.swift */; };
		78BAAD302CB97B000017319E /* TopDoctors.swift in Sources */ = {isa = PBXBuildFile; fileRef = 78BAAD2F2CB97B000017319E /* TopDoctors.swift */; };
		78BAAD332CB97B0E0017319E /* OtherDoc.swift in Sources */ = {isa = PBXBuildFile; fileRef = 78BAAD322CB97B0E0017319E /* OtherDoc.swift */; };
		78BAAD362CB97CAB0017319E /* CoreModel.xcdatamodeld in Sources */ = {isa = PBXBuildFile; fileRef = 78BAAD342CB97CAB0017319E /* CoreModel.xcdatamodeld */; };
		78BAAD442CBA798F0017319E /* ServicesViewModel.swift in Sources */ = {isa = PBXBuildFile; fileRef = 78BAAD432CBA798F0017319E /* ServicesViewModel.swift */; };
		78BAAD472CBA799D0017319E /* AddServ.swift in Sources */ = {isa = PBXBuildFile; fileRef = 78BAAD462CBA799D0017319E /* AddServ.swift */; };
		78BAAD4C2CBA843F0017319E /* AppointmentsViewModel.swift in Sources */ = {isa = PBXBuildFile; fileRef = 78BAAD4B2CBA843F0017319E /* AppointmentsViewModel.swift */; };
		78BAAD4F2CBA85B80017319E /* AddApp.swift in Sources */ = {isa = PBXBuildFile; fileRef = 78BAAD4E2CBA85B80017319E /* AddApp.swift */; };
		78BAAD512CBAA3AE0017319E /* TabBar.swift in Sources */ = {isa = PBXBuildFile; fileRef = 78BAAD502CBAA3AE0017319E /* TabBar.swift */; };
/* End PBXBuildFile section */

/* Begin PBXFileReference section */
		78BAACF22CB955D50017319E /* App928.app */ = {isa = PBXFileReference; explicitFileType = wrapper.application; includeInIndex = 0; path = App928.app; sourceTree = BUILT_PRODUCTS_DIR; };
		78BAACF52CB955D50017319E /* App928App.swift */ = {isa = PBXFileReference; lastKnownFileType = sourcecode.swift; path = App928App.swift; sourceTree = "<group>"; };
		78BAACF72CB955D50017319E /* ContentView.swift */ = {isa = PBXFileReference; lastKnownFileType = sourcecode.swift; path = ContentView.swift; sourceTree = "<group>"; };
		78BAACF92CB955D60017319E /* Assets.xcassets */ = {isa = PBXFileReference; lastKnownFileType = folder.assetcatalog; path = Assets.xcassets; sourceTree = "<group>"; };
		78BAACFB2CB955D60017319E /* App928.entitlements */ = {isa = PBXFileReference; lastKnownFileType = text.plist.entitlements; path = App928.entitlements; sourceTree = "<group>"; };
		78BAACFD2CB955D60017319E /* Preview Assets.xcassets */ = {isa = PBXFileReference; lastKnownFileType = folder.assetcatalog; path = "Preview Assets.xcassets"; sourceTree = "<group>"; };
		78BAAD082CB956DD0017319E /* R1.swift */ = {isa = PBXFileReference; lastKnownFileType = sourcecode.swift; path = R1.swift; sourceTree = "<group>"; };
		78BAAD0A2CB956E40017319E /* R2.swift */ = {isa = PBXFileReference; lastKnownFileType = sourcecode.swift; path = R2.swift; sourceTree = "<group>"; };
		78BAAD0C2CB956E90017319E /* R3.swift */ = {isa = PBXFileReference; lastKnownFileType = sourcecode.swift; path = R3.swift; sourceTree = "<group>"; };
		78BAAD0E2CB956ED0017319E /* U1.swift */ = {isa = PBXFileReference; lastKnownFileType = sourcecode.swift; path = U1.swift; sourceTree = "<group>"; };
		78BAAD102CB956F30017319E /* Reviews.swift */ = {isa = PBXFileReference; lastKnownFileType = sourcecode.swift; path = Reviews.swift; sourceTree = "<group>"; };
		78BAAD122CB956F80017319E /* Not.swift */ = {isa = PBXFileReference; lastKnownFileType = sourcecode.swift; path = Not.swift; sourceTree = "<group>"; };
		78BAAD162CB961F60017319E /* LoadingView.swift */ = {isa = PBXFileReference; lastKnownFileType = sourcecode.swift; path = LoadingView.swift; sourceTree = "<group>"; };
		78BAAD182CB96E700017319E /* Launch Screen.storyboard */ = {isa = PBXFileReference; lastKnownFileType = file.storyboard; path = "Launch Screen.storyboard"; sourceTree = "<group>"; };
		78BAAD202CB970210017319E /* HomeView.swift */ = {isa = PBXFileReference; lastKnownFileType = sourcecode.swift; path = HomeView.swift; sourceTree = "<group>"; };
		78BAAD222CB9702E0017319E /* ServicesView.swift */ = {isa = PBXFileReference; lastKnownFileType = sourcecode.swift; path = ServicesView.swift; sourceTree = "<group>"; };
		78BAAD242CB970390017319E /* AppointmentsView.swift */ = {isa = PBXFileReference; lastKnownFileType = sourcecode.swift; path = AppointmentsView.swift; sourceTree = "<group>"; };
		78BAAD262CB970430017319E /* CoreDataStack.swift */ = {isa = PBXFileReference; lastKnownFileType = sourcecode.swift; path = CoreDataStack.swift; sourceTree = "<group>"; };
		78BAAD282CB970490017319E /* Array.swift */ = {isa = PBXFileReference; lastKnownFileType = sourcecode.swift; path = Array.swift; sourceTree = "<group>"; };
		78BAAD2A2CB970550017319E /* DateConvert.swift */ = {isa = PBXFileReference; lastKnownFileType = sourcecode.swift; path = DateConvert.swift; sourceTree = "<group>"; };
		78BAAD2C2CB97A1B0017319E /* HomeViewModel.swift */ = {isa = PBXFileReference; lastKnownFileType = sourcecode.swift; path = HomeViewModel.swift; sourceTree = "<group>"; };
		78BAAD2F2CB97B000017319E /* TopDoctors.swift */ = {isa = PBXFileReference; lastKnownFileType = sourcecode.swift; path = TopDoctors.swift; sourceTree = "<group>"; };
		78BAAD322CB97B0E0017319E /* OtherDoc.swift */ = {isa = PBXFileReference; lastKnownFileType = sourcecode.swift; path = OtherDoc.swift; sourceTree = "<group>"; };
		78BAAD352CB97CAB0017319E /* CoreModel.xcdatamodel */ = {isa = PBXFileReference; lastKnownFileType = wrapper.xcdatamodel; path = CoreModel.xcdatamodel; sourceTree = "<group>"; };
		78BAAD432CBA798F0017319E /* ServicesViewModel.swift */ = {isa = PBXFileReference; lastKnownFileType = sourcecode.swift; path = ServicesViewModel.swift; sourceTree = "<group>"; };
		78BAAD462CBA799D0017319E /* AddServ.swift */ = {isa = PBXFileReference; lastKnownFileType = sourcecode.swift; path = AddServ.swift; sourceTree = "<group>"; };
		78BAAD4B2CBA843F0017319E /* AppointmentsViewModel.swift */ = {isa = PBXFileReference; lastKnownFileType = sourcecode.swift; path = AppointmentsViewModel.swift; sourceTree = "<group>"; };
		78BAAD4E2CBA85B80017319E /* AddApp.swift */ = {isa = PBXFileReference; lastKnownFileType = sourcecode.swift; path = AddApp.swift; sourceTree = "<group>"; };
		78BAAD502CBAA3AE0017319E /* TabBar.swift */ = {isa = PBXFileReference; lastKnownFileType = sourcecode.swift; path = TabBar.swift; sourceTree = "<group>"; };
/* End PBXFileReference section */

/* Begin PBXFrameworksBuildPhase section */
		78BAACEF2CB955D50017319E /* Frameworks */ = {
			isa = PBXFrameworksBuildPhase;
			buildActionMask = 2147483647;
			files = (
			);
			runOnlyForDeploymentPostprocessing = 0;
		};
/* End PBXFrameworksBuildPhase section */

/* Begin PBXGroup section */
		78BAACE92CB955D50017319E = {
			isa = PBXGroup;
			children = (
				78BAACF42CB955D50017319E /* App928 */,
				78BAACF32CB955D50017319E /* Products */,
			);
			sourceTree = "<group>";
		};
		78BAACF32CB955D50017319E /* Products */ = {
			isa = PBXGroup;
			children = (
				78BAACF22CB955D50017319E /* App928.app */,
			);
			name = Products;
			sourceTree = "<group>";
		};
		78BAACF42CB955D50017319E /* App928 */ = {
			isa = PBXGroup;
			children = (
				78BAAD042CB956C80017319E /* All */,
				78BAACF52CB955D50017319E /* App928App.swift */,
				78BAACF72CB955D50017319E /* ContentView.swift */,
				78BAACF92CB955D60017319E /* Assets.xcassets */,
				78BAACFB2CB955D60017319E /* App928.entitlements */,
				78BAACFC2CB955D60017319E /* Preview Content */,
			);
			path = App928;
			sourceTree = "<group>";
		};
		78BAACFC2CB955D60017319E /* Preview Content */ = {
			isa = PBXGroup;
			children = (
				78BAACFD2CB955D60017319E /* Preview Assets.xcassets */,
			);
			path = "Preview Content";
			sourceTree = "<group>";
		};
		78BAAD042CB956C80017319E /* All */ = {
			isa = PBXGroup;
			children = (
				78BAAD1C2CB96EB00017319E /* View */,
				78BAAD1B2CB96EA90017319E /* Extensions */,
				78BAAD1A2CB96EA50017319E /* TabBar */,
				78BAAD052CB956CC0017319E /* Start */,
			);
			path = All;
			sourceTree = "<group>";
		};
		78BAAD052CB956CC0017319E /* Start */ = {
			isa = PBXGroup;
			children = (
				78BAAD152CB961850017319E /* Loading */,
				78BAAD142CB9617F0017319E /* Launch */,
				78BAAD072CB956D40017319E /* U */,
				78BAAD062CB956D10017319E /* R */,
			);
			path = Start;
			sourceTree = "<group>";
		};
		78BAAD062CB956D10017319E /* R */ = {
			isa = PBXGroup;
			children = (
				78BAAD082CB956DD0017319E /* R1.swift */,
				78BAAD0A2CB956E40017319E /* R2.swift */,
				78BAAD0C2CB956E90017319E /* R3.swift */,
			);
			path = R;
			sourceTree = "<group>";
		};
		78BAAD072CB956D40017319E /* U */ = {
			isa = PBXGroup;
			children = (
				78BAAD0E2CB956ED0017319E /* U1.swift */,
				78BAAD102CB956F30017319E /* Reviews.swift */,
				78BAAD122CB956F80017319E /* Not.swift */,
			);
			path = U;
			sourceTree = "<group>";
		};
		78BAAD142CB9617F0017319E /* Launch */ = {
			isa = PBXGroup;
			children = (
				78BAAD182CB96E700017319E /* Launch Screen.storyboard */,
			);
			path = Launch;
			sourceTree = "<group>";
		};
		78BAAD152CB961850017319E /* Loading */ = {
			isa = PBXGroup;
			children = (
				78BAAD162CB961F60017319E /* LoadingView.swift */,
			);
			path = Loading;
			sourceTree = "<group>";
		};
		78BAAD1A2CB96EA50017319E /* TabBar */ = {
			isa = PBXGroup;
			children = (
				78BAAD502CBAA3AE0017319E /* TabBar.swift */,
			);
			path = TabBar;
			sourceTree = "<group>";
		};
		78BAAD1B2CB96EA90017319E /* Extensions */ = {
			isa = PBXGroup;
			children = (
				78BAAD262CB970430017319E /* CoreDataStack.swift */,
				78BAAD282CB970490017319E /* Array.swift */,
				78BAAD2A2CB970550017319E /* DateConvert.swift */,
				78BAAD342CB97CAB0017319E /* CoreModel.xcdatamodeld */,
			);
			path = Extensions;
			sourceTree = "<group>";
		};
		78BAAD1C2CB96EB00017319E /* View */ = {
			isa = PBXGroup;
			children = (
				78BAAD1F2CB970160017319E /* Home */,
				78BAAD1E2CB970100017319E /* Services */,
				78BAAD1D2CB970080017319E /* Appointments */,
			);
			path = View;
			sourceTree = "<group>";
		};
		78BAAD1D2CB970080017319E /* Appointments */ = {
			isa = PBXGroup;
			children = (
				78BAAD4D2CBA85B00017319E /* AddApp */,
				78BAAD242CB970390017319E /* AppointmentsView.swift */,
				78BAAD4B2CBA843F0017319E /* AppointmentsViewModel.swift */,
			);
			path = Appointments;
			sourceTree = "<group>";
		};
		78BAAD1E2CB970100017319E /* Services */ = {
			isa = PBXGroup;
			children = (
				78BAAD452CBA79950017319E /* AddServ */,
				78BAAD222CB9702E0017319E /* ServicesView.swift */,
				78BAAD432CBA798F0017319E /* ServicesViewModel.swift */,
			);
			path = Services;
			sourceTree = "<group>";
		};
		78BAAD1F2CB970160017319E /* Home */ = {
			isa = PBXGroup;
			children = (
				78BAAD312CB97B030017319E /* OtherDoc */,
				78BAAD2E2CB97AF60017319E /* TopDoctors */,
				78BAAD202CB970210017319E /* HomeView.swift */,
				78BAAD2C2CB97A1B0017319E /* HomeViewModel.swift */,
			);
			path = Home;
			sourceTree = "<group>";
		};
		78BAAD2E2CB97AF60017319E /* TopDoctors */ = {
			isa = PBXGroup;
			children = (
				78BAAD2F2CB97B000017319E /* TopDoctors.swift */,
			);
			path = TopDoctors;
			sourceTree = "<group>";
		};
		78BAAD312CB97B030017319E /* OtherDoc */ = {
			isa = PBXGroup;
			children = (
				78BAAD322CB97B0E0017319E /* OtherDoc.swift */,
			);
			path = OtherDoc;
			sourceTree = "<group>";
		};
		78BAAD452CBA79950017319E /* AddServ */ = {
			isa = PBXGroup;
			children = (
				78BAAD462CBA799D0017319E /* AddServ.swift */,
			);
			path = AddServ;
			sourceTree = "<group>";
		};
		78BAAD4D2CBA85B00017319E /* AddApp */ = {
			isa = PBXGroup;
			children = (
				78BAAD4E2CBA85B80017319E /* AddApp.swift */,
			);
			path = AddApp;
			sourceTree = "<group>";
		};
/* End PBXGroup section */

/* Begin PBXNativeTarget section */
		78BAACF12CB955D50017319E /* App928 */ = {
			isa = PBXNativeTarget;
			buildConfigurationList = 78BAAD012CB955D60017319E /* Build configuration list for PBXNativeTarget "App928" */;
			buildPhases = (
				78BAACEE2CB955D50017319E /* Sources */,
				78BAACEF2CB955D50017319E /* Frameworks */,
				78BAACF02CB955D50017319E /* Resources */,
			);
			buildRules = (
			);
			dependencies = (
			);
			name = App928;
			productName = App928;
			productReference = 78BAACF22CB955D50017319E /* App928.app */;
			productType = "com.apple.product-type.application";
		};
/* End PBXNativeTarget section */

/* Begin PBXProject section */
		78BAACEA2CB955D50017319E /* Project object */ = {
			isa = PBXProject;
			attributes = {
				BuildIndependentTargetsInParallel = 1;
				LastSwiftUpdateCheck = 1540;
				LastUpgradeCheck = 1540;
				TargetAttributes = {
					78BAACF12CB955D50017319E = {
						CreatedOnToolsVersion = 15.4;
					};
				};
			};
			buildConfigurationList = 78BAACED2CB955D50017319E /* Build configuration list for PBXProject "App928" */;
			compatibilityVersion = "Xcode 14.0";
			developmentRegion = en;
			hasScannedForEncodings = 0;
			knownRegions = (
				en,
				Base,
			);
			mainGroup = 78BAACE92CB955D50017319E;
			productRefGroup = 78BAACF32CB955D50017319E /* Products */;
			projectDirPath = "";
			projectRoot = "";
			targets = (
				78BAACF12CB955D50017319E /* App928 */,
			);
		};
/* End PBXProject section */

/* Begin PBXResourcesBuildPhase section */
		78BAACF02CB955D50017319E /* Resources */ = {
			isa = PBXResourcesBuildPhase;
			buildActionMask = 2147483647;
			files = (
				78BAAD192CB96E700017319E /* Launch Screen.storyboard in Resources */,
				78BAACFE2CB955D60017319E /* Preview Assets.xcassets in Resources */,
				78BAACFA2CB955D60017319E /* Assets.xcassets in Resources */,
			);
			runOnlyForDeploymentPostprocessing = 0;
		};
/* End PBXResourcesBuildPhase section */

/* Begin PBXSourcesBuildPhase section */
		78BAACEE2CB955D50017319E /* Sources */ = {
			isa = PBXSourcesBuildPhase;
			buildActionMask = 2147483647;
			files = (
				78BAACF82CB955D50017319E /* ContentView.swift in Sources */,
				78BAACF62CB955D50017319E /* App928App.swift in Sources */,
				78BAAD252CB970390017319E /* AppointmentsView.swift in Sources */,
				78BAAD512CBAA3AE0017319E /* TabBar.swift in Sources */,
				78BAAD332CB97B0E0017319E /* OtherDoc.swift in Sources */,
				78BAAD2D2CB97A1B0017319E /* HomeViewModel.swift in Sources */,
				78BAAD092CB956DD0017319E /* R1.swift in Sources */,
				78BAAD212CB970210017319E /* HomeView.swift in Sources */,
				78BAAD2B2CB970550017319E /* DateConvert.swift in Sources */,
				78BAAD302CB97B000017319E /* TopDoctors.swift in Sources */,
				78BAAD232CB9702E0017319E /* ServicesView.swift in Sources */,
				78BAAD272CB970430017319E /* CoreDataStack.swift in Sources */,
				78BAAD4F2CBA85B80017319E /* AddApp.swift in Sources */,
				78BAAD0D2CB956E90017319E /* R3.swift in Sources */,
				78BAAD0B2CB956E40017319E /* R2.swift in Sources */,
				78BAAD292CB970490017319E /* Array.swift in Sources */,
				78BAAD4C2CBA843F0017319E /* AppointmentsViewModel.swift in Sources */,
				78BAAD442CBA798F0017319E /* ServicesViewModel.swift in Sources */,
				78BAAD472CBA799D0017319E /* AddServ.swift in Sources */,
				78BAAD132CB956F80017319E /* Not.swift in Sources */,
				78BAAD0F2CB956ED0017319E /* U1.swift in Sources */,
				78BAAD362CB97CAB0017319E /* CoreModel.xcdatamodeld in Sources */,
				78BAAD112CB956F30017319E /* Reviews.swift in Sources */,
				78BAAD172CB961F60017319E /* LoadingView.swift in Sources */,
			);
			runOnlyForDeploymentPostprocessing = 0;
		};
/* End PBXSourcesBuildPhase section */

/* Begin XCBuildConfiguration section */
		78BAACFF2CB955D60017319E /* Debug */ = {
			isa = XCBuildConfiguration;
			buildSettings = {
				ALWAYS_SEARCH_USER_PATHS = NO;
				ASSETCATALOG_COMPILER_GENERATE_SWIFT_ASSET_SYMBOL_EXTENSIONS = YES;
				CLANG_ANALYZER_NONNULL = YES;
				CLANG_ANALYZER_NUMBER_OBJECT_CONVERSION = YES_AGGRESSIVE;
				CLANG_CXX_LANGUAGE_STANDARD = "gnu++20";
				CLANG_ENABLE_MODULES = YES;
				CLANG_ENABLE_OBJC_ARC = YES;
				CLANG_ENABLE_OBJC_WEAK = YES;
				CLANG_WARN_BLOCK_CAPTURE_AUTORELEASING = YES;
				CLANG_WARN_BOOL_CONVERSION = YES;
				CLANG_WARN_COMMA = YES;
				CLANG_WARN_CONSTANT_CONVERSION = YES;
				CLANG_WARN_DEPRECATED_OBJC_IMPLEMENTATIONS = YES;
				CLANG_WARN_DIRECT_OBJC_ISA_USAGE = YES_ERROR;
				CLANG_WARN_DOCUMENTATION_COMMENTS = YES;
				CLANG_WARN_EMPTY_BODY = YES;
				CLANG_WARN_ENUM_CONVERSION = YES;
				CLANG_WARN_INFINITE_RECURSION = YES;
				CLANG_WARN_INT_CONVERSION = YES;
				CLANG_WARN_NON_LITERAL_NULL_CONVERSION = YES;
				CLANG_WARN_OBJC_IMPLICIT_RETAIN_SELF = YES;
				CLANG_WARN_OBJC_LITERAL_CONVERSION = YES;
				CLANG_WARN_OBJC_ROOT_CLASS = YES_ERROR;
				CLANG_WARN_QUOTED_INCLUDE_IN_FRAMEWORK_HEADER = YES;
				CLANG_WARN_RANGE_LOOP_ANALYSIS = YES;
				CLANG_WARN_STRICT_PROTOTYPES = YES;
				CLANG_WARN_SUSPICIOUS_MOVE = YES;
				CLANG_WARN_UNGUARDED_AVAILABILITY = YES_AGGRESSIVE;
				CLANG_WARN_UNREACHABLE_CODE = YES;
				CLANG_WARN__DUPLICATE_METHOD_MATCH = YES;
				COPY_PHASE_STRIP = NO;
				DEBUG_INFORMATION_FORMAT = dwarf;
				ENABLE_STRICT_OBJC_MSGSEND = YES;
				ENABLE_TESTABILITY = YES;
				ENABLE_USER_SCRIPT_SANDBOXING = YES;
				GCC_C_LANGUAGE_STANDARD = gnu17;
				GCC_DYNAMIC_NO_PIC = NO;
				GCC_NO_COMMON_BLOCKS = YES;
				GCC_OPTIMIZATION_LEVEL = 0;
				GCC_PREPROCESSOR_DEFINITIONS = (
					"DEBUG=1",
					"$(inherited)",
				);
				GCC_WARN_64_TO_32_BIT_CONVERSION = YES;
				GCC_WARN_ABOUT_RETURN_TYPE = YES_ERROR;
				GCC_WARN_UNDECLARED_SELECTOR = YES;
				GCC_WARN_UNINITIALIZED_AUTOS = YES_AGGRESSIVE;
				GCC_WARN_UNUSED_FUNCTION = YES;
				GCC_WARN_UNUSED_VARIABLE = YES;
				LOCALIZATION_PREFERS_STRING_CATALOGS = YES;
				MTL_ENABLE_DEBUG_INFO = INCLUDE_SOURCE;
				MTL_FAST_MATH = YES;
				ONLY_ACTIVE_ARCH = YES;
				SWIFT_ACTIVE_COMPILATION_CONDITIONS = "DEBUG $(inherited)";
				SWIFT_OPTIMIZATION_LEVEL = "-Onone";
			};
			name = Debug;
		};
		78BAAD002CB955D60017319E /* Release */ = {
			isa = XCBuildConfiguration;
			buildSettings = {
				ALWAYS_SEARCH_USER_PATHS = NO;
				ASSETCATALOG_COMPILER_GENERATE_SWIFT_ASSET_SYMBOL_EXTENSIONS = YES;
				CLANG_ANALYZER_NONNULL = YES;
				CLANG_ANALYZER_NUMBER_OBJECT_CONVERSION = YES_AGGRESSIVE;
				CLANG_CXX_LANGUAGE_STANDARD = "gnu++20";
				CLANG_ENABLE_MODULES = YES;
				CLANG_ENABLE_OBJC_ARC = YES;
				CLANG_ENABLE_OBJC_WEAK = YES;
				CLANG_WARN_BLOCK_CAPTURE_AUTORELEASING = YES;
				CLANG_WARN_BOOL_CONVERSION = YES;
				CLANG_WARN_COMMA = YES;
				CLANG_WARN_CONSTANT_CONVERSION = YES;
				CLANG_WARN_DEPRECATED_OBJC_IMPLEMENTATIONS = YES;
				CLANG_WARN_DIRECT_OBJC_ISA_USAGE = YES_ERROR;
				CLANG_WARN_DOCUMENTATION_COMMENTS = YES;
				CLANG_WARN_EMPTY_BODY = YES;
				CLANG_WARN_ENUM_CONVERSION = YES;
				CLANG_WARN_INFINITE_RECURSION = YES;
				CLANG_WARN_INT_CONVERSION = YES;
				CLANG_WARN_NON_LITERAL_NULL_CONVERSION = YES;
				CLANG_WARN_OBJC_IMPLICIT_RETAIN_SELF = YES;
				CLANG_WARN_OBJC_LITERAL_CONVERSION = YES;
				CLANG_WARN_OBJC_ROOT_CLASS = YES_ERROR;
				CLANG_WARN_QUOTED_INCLUDE_IN_FRAMEWORK_HEADER = YES;
				CLANG_WARN_RANGE_LOOP_ANALYSIS = YES;
				CLANG_WARN_STRICT_PROTOTYPES = YES;
				CLANG_WARN_SUSPICIOUS_MOVE = YES;
				CLANG_WARN_UNGUARDED_AVAILABILITY = YES_AGGRESSIVE;
				CLANG_WARN_UNREACHABLE_CODE = YES;
				CLANG_WARN__DUPLICATE_METHOD_MATCH = YES;
				COPY_PHASE_STRIP = NO;
				DEBUG_INFORMATION_FORMAT = "dwarf-with-dsym";
				ENABLE_NS_ASSERTIONS = NO;
				ENABLE_STRICT_OBJC_MSGSEND = YES;
				ENABLE_USER_SCRIPT_SANDBOXING = YES;
				GCC_C_LANGUAGE_STANDARD = gnu17;
				GCC_NO_COMMON_BLOCKS = YES;
				GCC_WARN_64_TO_32_BIT_CONVERSION = YES;
				GCC_WARN_ABOUT_RETURN_TYPE = YES_ERROR;
				GCC_WARN_UNDECLARED_SELECTOR = YES;
				GCC_WARN_UNINITIALIZED_AUTOS = YES_AGGRESSIVE;
				GCC_WARN_UNUSED_FUNCTION = YES;
				GCC_WARN_UNUSED_VARIABLE = YES;
				LOCALIZATION_PREFERS_STRING_CATALOGS = YES;
				MTL_ENABLE_DEBUG_INFO = NO;
				MTL_FAST_MATH = YES;
				SWIFT_COMPILATION_MODE = wholemodule;
			};
			name = Release;
		};
		78BAAD022CB955D60017319E /* Debug */ = {
			isa = XCBuildConfiguration;
			buildSettings = {
				ASSETCATALOG_COMPILER_APPICON_NAME = AppIcon;
				ASSETCATALOG_COMPILER_GLOBAL_ACCENT_COLOR_NAME = AccentColor;
				CODE_SIGN_ENTITLEMENTS = App928/App928.entitlements;
				CODE_SIGN_IDENTITY = "Apple Development";
				CODE_SIGN_STYLE = Automatic;
				CURRENT_PROJECT_VERSION = 1;
				DEVELOPMENT_ASSET_PATHS = "\"App928/Preview Content\"";
				DEVELOPMENT_TEAM = "";
				ENABLE_PREVIEWS = YES;
				GENERATE_INFOPLIST_FILE = YES;
				INFOPLIST_KEY_CFBundleDisplayName = "Assist Medical Health";
				"INFOPLIST_KEY_UIApplicationSceneManifest_Generation[sdk=iphoneos*]" = YES;
				"INFOPLIST_KEY_UIApplicationSceneManifest_Generation[sdk=iphonesimulator*]" = YES;
				"INFOPLIST_KEY_UIApplicationSupportsIndirectInputEvents[sdk=iphoneos*]" = YES;
				"INFOPLIST_KEY_UIApplicationSupportsIndirectInputEvents[sdk=iphonesimulator*]" = YES;
				"INFOPLIST_KEY_UILaunchScreen_Generation[sdk=iphoneos*]" = YES;
				"INFOPLIST_KEY_UILaunchScreen_Generation[sdk=iphonesimulator*]" = YES;
				INFOPLIST_KEY_UILaunchStoryboardName = "Launch Screen.storyboard";
				"INFOPLIST_KEY_UIStatusBarStyle[sdk=iphoneos*]" = UIStatusBarStyleDefault;
				"INFOPLIST_KEY_UIStatusBarStyle[sdk=iphonesimulator*]" = UIStatusBarStyleDefault;
				INFOPLIST_KEY_UISupportedInterfaceOrientations = UIInterfaceOrientationPortrait;
				INFOPLIST_KEY_UISupportedInterfaceOrientations_iPad = "UIInterfaceOrientationLandscapeLeft UIInterfaceOrientationLandscapeRight UIInterfaceOrientationPortrait UIInterfaceOrientationPortraitUpsideDown";
				IPHONEOS_DEPLOYMENT_TARGET = 14.0;
				LD_RUNPATH_SEARCH_PATHS = "@executable_path/Frameworks";
				"LD_RUNPATH_SEARCH_PATHS[sdk=macosx*]" = "@executable_path/../Frameworks";
				MACOSX_DEPLOYMENT_TARGET = 14.0;
				MARKETING_VERSION = 1.1;
				PRODUCT_BUNDLE_IDENTIFIER = IOI.App928;
				PRODUCT_NAME = "$(TARGET_NAME)";
				PROVISIONING_PROFILE_SPECIFIER = "";
				SDKROOT = auto;
				SUPPORTED_PLATFORMS = "iphoneos iphonesimulator";
				SUPPORTS_MACCATALYST = NO;
				SWIFT_EMIT_LOC_STRINGS = YES;
				SWIFT_VERSION = 5.0;
				TARGETED_DEVICE_FAMILY = 1;
			};
			name = Debug;
		};
		78BAAD032CB955D60017319E /* Release */ = {
			isa = XCBuildConfiguration;
			buildSettings = {
				ASSETCATALOG_COMPILER_APPICON_NAME = AppIcon;
				ASSETCATALOG_COMPILER_GLOBAL_ACCENT_COLOR_NAME = AccentColor;
				CODE_SIGN_ENTITLEMENTS = App928/App928.entitlements;
				CODE_SIGN_IDENTITY = "Apple Development";
				CODE_SIGN_STYLE = Automatic;
				CURRENT_PROJECT_VERSION = 1;
				DEVELOPMENT_ASSET_PATHS = "\"App928/Preview Content\"";
				DEVELOPMENT_TEAM = "";
				ENABLE_PREVIEWS = YES;
				GENERATE_INFOPLIST_FILE = YES;
				INFOPLIST_KEY_CFBundleDisplayName = "Assist Medical Health";
				"INFOPLIST_KEY_UIApplicationSceneManifest_Generation[sdk=iphoneos*]" = YES;
				"INFOPLIST_KEY_UIApplicationSceneManifest_Generation[sdk=iphonesimulator*]" = YES;
				"INFOPLIST_KEY_UIApplicationSupportsIndirectInputEvents[sdk=iphoneos*]" = YES;
				"INFOPLIST_KEY_UIApplicationSupportsIndirectInputEvents[sdk=iphonesimulator*]" = YES;
				"INFOPLIST_KEY_UILaunchScreen_Generation[sdk=iphoneos*]" = YES;
				"INFOPLIST_KEY_UILaunchScreen_Generation[sdk=iphonesimulator*]" = YES;
				INFOPLIST_KEY_UILaunchStoryboardName = "Launch Screen.storyboard";
				"INFOPLIST_KEY_UIStatusBarStyle[sdk=iphoneos*]" = UIStatusBarStyleDefault;
				"INFOPLIST_KEY_UIStatusBarStyle[sdk=iphonesimulator*]" = UIStatusBarStyleDefault;
				INFOPLIST_KEY_UISupportedInterfaceOrientations = UIInterfaceOrientationPortrait;
				INFOPLIST_KEY_UISupportedInterfaceOrientations_iPad = "UIInterfaceOrientationLandscapeLeft UIInterfaceOrientationLandscapeRight UIInterfaceOrientationPortrait UIInterfaceOrientationPortraitUpsideDown";
				IPHONEOS_DEPLOYMENT_TARGET = 14.0;
				LD_RUNPATH_SEARCH_PATHS = "@executable_path/Frameworks";
				"LD_RUNPATH_SEARCH_PATHS[sdk=macosx*]" = "@executable_path/../Frameworks";
				MACOSX_DEPLOYMENT_TARGET = 14.0;
				MARKETING_VERSION = 1.1;
				PRODUCT_BUNDLE_IDENTIFIER = IOI.App928;
				PRODUCT_NAME = "$(TARGET_NAME)";
				PROVISIONING_PROFILE_SPECIFIER = "";
				SDKROOT = auto;
				SUPPORTED_PLATFORMS = "iphoneos iphonesimulator";
				SUPPORTS_MACCATALYST = NO;
				SWIFT_EMIT_LOC_STRINGS = YES;
				SWIFT_VERSION = 5.0;
				TARGETED_DEVICE_FAMILY = 1;
			};
			name = Release;
		};
/* End XCBuildConfiguration section */

/* Begin XCConfigurationList section */
		78BAACED2CB955D50017319E /* Build configuration list for PBXProject "App928" */ = {
			isa = XCConfigurationList;
			buildConfigurations = (
				78BAACFF2CB955D60017319E /* Debug */,
				78BAAD002CB955D60017319E /* Release */,
			);
			defaultConfigurationIsVisible = 0;
			defaultConfigurationName = Release;
		};
		78BAAD012CB955D60017319E /* Build configuration list for PBXNativeTarget "App928" */ = {
			isa = XCConfigurationList;
			buildConfigurations = (
				78BAAD022CB955D60017319E /* Debug */,
				78BAAD032CB955D60017319E /* Release */,
			);
			defaultConfigurationIsVisible = 0;
			defaultConfigurationName = Release;
		};
/* End XCConfigurationList section */

/* Begin XCVersionGroup section */
		78BAAD342CB97CAB0017319E /* CoreModel.xcdatamodeld */ = {
			isa = XCVersionGroup;
			children = (
				78BAAD352CB97CAB0017319E /* CoreModel.xcdatamodel */,
			);
			currentVersion = 78BAAD352CB97CAB0017319E /* CoreModel.xcdatamodel */;
			name = CoreModel.xcdatamodeld;
			path = /Users/igor/Documents/Applications/App928/App928/All/Extensions/CoreModel.xcdatamodeld;
			sourceTree = "<group>";
			versionGroupType = wrapper.xcdatamodel;
		};
/* End XCVersionGroup section */
	};
	rootObject = 78BAACEA2CB955D50017319E /* Project object */;
}
